// !$*UTF8*$!
{
	archiveVersion = 1;
	classes = {
	};
	objectVersion = 46;
	objects = {

/* Begin PBXBuildFile section */
		8BD0CED01DF0F4D000F7EFA2 /* main.m in Sources */ = {isa = PBXBuildFile; fileRef = 8BD0CECF1DF0F4D000F7EFA2 /* main.m */; };
		8BD0CED31DF0F4D000F7EFA2 /* AppDelegate.m in Sources */ = {isa = PBXBuildFile; fileRef = 8BD0CED21DF0F4D000F7EFA2 /* AppDelegate.m */; };
		8BD0CED61DF0F4D000F7EFA2 /* ViewController.m in Sources */ = {isa = PBXBuildFile; fileRef = 8BD0CED51DF0F4D000F7EFA2 /* ViewController.m */; };
		8BD0CED91DF0F4D100F7EFA2 /* Main.storyboard in Resources */ = {isa = PBXBuildFile; fileRef = 8BD0CED71DF0F4D100F7EFA2 /* Main.storyboard */; };
		8BD0CEDB1DF0F4D100F7EFA2 /* Assets.xcassets in Resources */ = {isa = PBXBuildFile; fileRef = 8BD0CEDA1DF0F4D100F7EFA2 /* Assets.xcassets */; };
		8BD0CEDE1DF0F4D100F7EFA2 /* LaunchScreen.storyboard in Resources */ = {isa = PBXBuildFile; fileRef = 8BD0CEDC1DF0F4D100F7EFA2 /* LaunchScreen.storyboard */; };
		8BD0CEE91DF0F4D100F7EFA2 /* iOSHomeWorkTests.m in Sources */ = {isa = PBXBuildFile; fileRef = 8BD0CEE81DF0F4D100F7EFA2 /* iOSHomeWorkTests.m */; };
		8BD0CEF41DF0F4D100F7EFA2 /* iOSHomeWorkUITests.m in Sources */ = {isa = PBXBuildFile; fileRef = 8BD0CEF31DF0F4D100F7EFA2 /* iOSHomeWorkUITests.m */; };
/* End PBXBuildFile section */

/* Begin PBXContainerItemProxy section */
		8BD0CEE51DF0F4D100F7EFA2 /* PBXContainerItemProxy */ = {
			isa = PBXContainerItemProxy;
			containerPortal = 8BD0CEC31DF0F4D000F7EFA2 /* Project object */;
			proxyType = 1;
			remoteGlobalIDString = 8BD0CECA1DF0F4D000F7EFA2;
			remoteInfo = iOSHomeWork;
		};
		8BD0CEF01DF0F4D100F7EFA2 /* PBXContainerItemProxy */ = {
			isa = PBXContainerItemProxy;
			containerPortal = 8BD0CEC31DF0F4D000F7EFA2 /* Project object */;
			proxyType = 1;
			remoteGlobalIDString = 8BD0CECA1DF0F4D000F7EFA2;
			remoteInfo = iOSHomeWork;
		};
/* End PBXContainerItemProxy section */

/* Begin PBXFileReference section */
		8BD0CECB1DF0F4D000F7EFA2 /* iOSHomeWork.app */ = {isa = PBXFileReference; explicitFileType = wrapper.application; includeInIndex = 0; path = iOSHomeWork.app; sourceTree = BUILT_PRODUCTS_DIR; };
		8BD0CECF1DF0F4D000F7EFA2 /* main.m */ = {isa = PBXFileReference; lastKnownFileType = sourcecode.c.objc; path = main.m; sourceTree = "<group>"; };
		8BD0CED11DF0F4D000F7EFA2 /* AppDelegate.h */ = {isa = PBXFileReference; lastKnownFileType = sourcecode.c.h; path = AppDelegate.h; sourceTree = "<group>"; };
		8BD0CED21DF0F4D000F7EFA2 /* AppDelegate.m */ = {isa = PBXFileReference; lastKnownFileType = sourcecode.c.objc; path = AppDelegate.m; sourceTree = "<group>"; };
		8BD0CED41DF0F4D000F7EFA2 /* ViewController.h */ = {isa = PBXFileReference; lastKnownFileType = sourcecode.c.h; path = ViewController.h; sourceTree = "<group>"; };
		8BD0CED51DF0F4D000F7EFA2 /* ViewController.m */ = {isa = PBXFileReference; lastKnownFileType = sourcecode.c.objc; path = ViewController.m; sourceTree = "<group>"; };
		8BD0CED81DF0F4D100F7EFA2 /* Base */ = {isa = PBXFileReference; lastKnownFileType = file.storyboard; name = Base; path = Base.lproj/Main.storyboard; sourceTree = "<group>"; };
		8BD0CEDA1DF0F4D100F7EFA2 /* Assets.xcassets */ = {isa = PBXFileReference; lastKnownFileType = folder.assetcatalog; path = Assets.xcassets; sourceTree = "<group>"; };
		8BD0CEDD1DF0F4D100F7EFA2 /* Base */ = {isa = PBXFileReference; lastKnownFileType = file.storyboard; name = Base; path = Base.lproj/LaunchScreen.storyboard; sourceTree = "<group>"; };
		8BD0CEDF1DF0F4D100F7EFA2 /* Info.plist */ = {isa = PBXFileReference; lastKnownFileType = text.plist.xml; path = Info.plist; sourceTree = "<group>"; };
		8BD0CEE41DF0F4D100F7EFA2 /* iOSHomeWorkTests.xctest */ = {isa = PBXFileReference; explicitFileType = wrapper.cfbundle; includeInIndex = 0; path = iOSHomeWorkTests.xctest; sourceTree = BUILT_PRODUCTS_DIR; };
		8BD0CEE81DF0F4D100F7EFA2 /* iOSHomeWorkTests.m */ = {isa = PBXFileReference; lastKnownFileType = sourcecode.c.objc; path = iOSHomeWorkTests.m; sourceTree = "<group>"; };
		8BD0CEEA1DF0F4D100F7EFA2 /* Info.plist */ = {isa = PBXFileReference; lastKnownFileType = text.plist.xml; path = Info.plist; sourceTree = "<group>"; };
		8BD0CEEF1DF0F4D100F7EFA2 /* iOSHomeWorkUITests.xctest */ = {isa = PBXFileReference; explicitFileType = wrapper.cfbundle; includeInIndex = 0; path = iOSHomeWorkUITests.xctest; sourceTree = BUILT_PRODUCTS_DIR; };
		8BD0CEF31DF0F4D100F7EFA2 /* iOSHomeWorkUITests.m */ = {isa = PBXFileReference; lastKnownFileType = sourcecode.c.objc; path = iOSHomeWorkUITests.m; sourceTree = "<group>"; };
		8BD0CEF51DF0F4D100F7EFA2 /* Info.plist */ = {isa = PBXFileReference; lastKnownFileType = text.plist.xml; path = Info.plist; sourceTree = "<group>"; };
/* End PBXFileReference section */

/* Begin PBXFrameworksBuildPhase section */
		8BD0CEC81DF0F4D000F7EFA2 /* Frameworks */ = {
			isa = PBXFrameworksBuildPhase;
			buildActionMask = 2147483647;
			files = (
			);
			runOnlyForDeploymentPostprocessing = 0;
		};
		8BD0CEE11DF0F4D100F7EFA2 /* Frameworks */ = {
			isa = PBXFrameworksBuildPhase;
			buildActionMask = 2147483647;
			files = (
			);
			runOnlyForDeploymentPostprocessing = 0;
		};
		8BD0CEEC1DF0F4D100F7EFA2 /* Frameworks */ = {
			isa = PBXFrameworksBuildPhase;
			buildActionMask = 2147483647;
			files = (
			);
			runOnlyForDeploymentPostprocessing = 0;
		};
/* End PBXFrameworksBuildPhase section */

/* Begin PBXGroup section */
		8BD0CEC21DF0F4D000F7EFA2 = {
			isa = PBXGroup;
			children = (
				8BD0CECD1DF0F4D000F7EFA2 /* iOSHomeWork */,
				8BD0CEE71DF0F4D100F7EFA2 /* iOSHomeWorkTests */,
				8BD0CEF21DF0F4D100F7EFA2 /* iOSHomeWorkUITests */,
				8BD0CECC1DF0F4D000F7EFA2 /* Products */,
			);
			sourceTree = "<group>";
		};
		8BD0CECC1DF0F4D000F7EFA2 /* Products */ = {
			isa = PBXGroup;
			children = (
				8BD0CECB1DF0F4D000F7EFA2 /* iOSHomeWork.app */,
				8BD0CEE41DF0F4D100F7EFA2 /* iOSHomeWorkTests.xctest */,
				8BD0CEEF1DF0F4D100F7EFA2 /* iOSHomeWorkUITests.xctest */,
			);
			name = Products;
			sourceTree = "<group>";
		};
		8BD0CECD1DF0F4D000F7EFA2 /* iOSHomeWork */ = {
			isa = PBXGroup;
			children = (
				8BD0CED11DF0F4D000F7EFA2 /* AppDelegate.h */,
				8BD0CED21DF0F4D000F7EFA2 /* AppDelegate.m */,
				8BD0CED41DF0F4D000F7EFA2 /* ViewController.h */,
				8BD0CED51DF0F4D000F7EFA2 /* ViewController.m */,
				8BD0CED71DF0F4D100F7EFA2 /* Main.storyboard */,
				8BD0CEDA1DF0F4D100F7EFA2 /* Assets.xcassets */,
				8BD0CEDC1DF0F4D100F7EFA2 /* LaunchScreen.storyboard */,
				8BD0CEDF1DF0F4D100F7EFA2 /* Info.plist */,
				8BD0CECE1DF0F4D000F7EFA2 /* Supporting Files */,
			);
			path = iOSHomeWork;
			sourceTree = "<group>";
		};
		8BD0CECE1DF0F4D000F7EFA2 /* Supporting Files */ = {
			isa = PBXGroup;
			children = (
				8BD0CECF1DF0F4D000F7EFA2 /* main.m */,
			);
			name = "Supporting Files";
			sourceTree = "<group>";
		};
		8BD0CEE71DF0F4D100F7EFA2 /* iOSHomeWorkTests */ = {
			isa = PBXGroup;
			children = (
				8BD0CEE81DF0F4D100F7EFA2 /* iOSHomeWorkTests.m */,
				8BD0CEEA1DF0F4D100F7EFA2 /* Info.plist */,
			);
			path = iOSHomeWorkTests;
			sourceTree = "<group>";
		};
		8BD0CEF21DF0F4D100F7EFA2 /* iOSHomeWorkUITests */ = {
			isa = PBXGroup;
			children = (
				8BD0CEF31DF0F4D100F7EFA2 /* iOSHomeWorkUITests.m */,
				8BD0CEF51DF0F4D100F7EFA2 /* Info.plist */,
			);
			path = iOSHomeWorkUITests;
			sourceTree = "<group>";
		};
/* End PBXGroup section */

/* Begin PBXNativeTarget section */
		8BD0CECA1DF0F4D000F7EFA2 /* iOSHomeWork */ = {
			isa = PBXNativeTarget;
			buildConfigurationList = 8BD0CEF81DF0F4D100F7EFA2 /* Build configuration list for PBXNativeTarget "iOSHomeWork" */;
			buildPhases = (
				8BD0CEC71DF0F4D000F7EFA2 /* Sources */,
				8BD0CEC81DF0F4D000F7EFA2 /* Frameworks */,
				8BD0CEC91DF0F4D000F7EFA2 /* Resources */,
			);
			buildRules = (
			);
			dependencies = (
			);
			name = iOSHomeWork;
			productName = iOSHomeWork;
			productReference = 8BD0CECB1DF0F4D000F7EFA2 /* iOSHomeWork.app */;
			productType = "com.apple.product-type.application";
		};
		8BD0CEE31DF0F4D100F7EFA2 /* iOSHomeWorkTests */ = {
			isa = PBXNativeTarget;
			buildConfigurationList = 8BD0CEFB1DF0F4D100F7EFA2 /* Build configuration list for PBXNativeTarget "iOSHomeWorkTests" */;
			buildPhases = (
				8BD0CEE01DF0F4D100F7EFA2 /* Sources */,
				8BD0CEE11DF0F4D100F7EFA2 /* Frameworks */,
				8BD0CEE21DF0F4D100F7EFA2 /* Resources */,
			);
			buildRules = (
			);
			dependencies = (
				8BD0CEE61DF0F4D100F7EFA2 /* PBXTargetDependency */,
			);
			name = iOSHomeWorkTests;
			productName = iOSHomeWorkTests;
			productReference = 8BD0CEE41DF0F4D100F7EFA2 /* iOSHomeWorkTests.xctest */;
			productType = "com.apple.product-type.bundle.unit-test";
		};
		8BD0CEEE1DF0F4D100F7EFA2 /* iOSHomeWorkUITests */ = {
			isa = PBXNativeTarget;
			buildConfigurationList = 8BD0CEFE1DF0F4D100F7EFA2 /* Build configuration list for PBXNativeTarget "iOSHomeWorkUITests" */;
			buildPhases = (
				8BD0CEEB1DF0F4D100F7EFA2 /* Sources */,
				8BD0CEEC1DF0F4D100F7EFA2 /* Frameworks */,
				8BD0CEED1DF0F4D100F7EFA2 /* Resources */,
			);
			buildRules = (
			);
			dependencies = (
				8BD0CEF11DF0F4D100F7EFA2 /* PBXTargetDependency */,
			);
			name = iOSHomeWorkUITests;
			productName = iOSHomeWorkUITests;
			productReference = 8BD0CEEF1DF0F4D100F7EFA2 /* iOSHomeWorkUITests.xctest */;
			productType = "com.apple.product-type.bundle.ui-testing";
		};
/* End PBXNativeTarget section */

/* Begin PBXProject section */
		8BD0CEC31DF0F4D000F7EFA2 /* Project object */ = {
			isa = PBXProject;
			attributes = {
				LastUpgradeCheck = 0810;
				ORGANIZATIONNAME = "Harry Tormey";
				TargetAttributes = {
					8BD0CECA1DF0F4D000F7EFA2 = {
						CreatedOnToolsVersion = 8.1;
						ProvisioningStyle = Automatic;
					};
					8BD0CEE31DF0F4D100F7EFA2 = {
						CreatedOnToolsVersion = 8.1;
						ProvisioningStyle = Automatic;
						TestTargetID = 8BD0CECA1DF0F4D000F7EFA2;
					};
					8BD0CEEE1DF0F4D100F7EFA2 = {
						CreatedOnToolsVersion = 8.1;
						ProvisioningStyle = Automatic;
						TestTargetID = 8BD0CECA1DF0F4D000F7EFA2;
					};
				};
			};
			buildConfigurationList = 8BD0CEC61DF0F4D000F7EFA2 /* Build configuration list for PBXProject "iOSHomeWork" */;
			compatibilityVersion = "Xcode 3.2";
			developmentRegion = English;
			hasScannedForEncodings = 0;
			knownRegions = (
				en,
				Base,
			);
			mainGroup = 8BD0CEC21DF0F4D000F7EFA2;
			productRefGroup = 8BD0CECC1DF0F4D000F7EFA2 /* Products */;
			projectDirPath = "";
			projectRoot = "";
			targets = (
				8BD0CECA1DF0F4D000F7EFA2 /* iOSHomeWork */,
				8BD0CEE31DF0F4D100F7EFA2 /* iOSHomeWorkTests */,
				8BD0CEEE1DF0F4D100F7EFA2 /* iOSHomeWorkUITests */,
			);
		};
/* End PBXProject section */

/* Begin PBXResourcesBuildPhase section */
		8BD0CEC91DF0F4D000F7EFA2 /* Resources */ = {
			isa = PBXResourcesBuildPhase;
			buildActionMask = 2147483647;
			files = (
				8BD0CEDE1DF0F4D100F7EFA2 /* LaunchScreen.storyboard in Resources */,
				8BD0CEDB1DF0F4D100F7EFA2 /* Assets.xcassets in Resources */,
				8BD0CED91DF0F4D100F7EFA2 /* Main.storyboard in Resources */,
			);
			runOnlyForDeploymentPostprocessing = 0;
		};
		8BD0CEE21DF0F4D100F7EFA2 /* Resources */ = {
			isa = PBXResourcesBuildPhase;
			buildActionMask = 2147483647;
			files = (
			);
			runOnlyForDeploymentPostprocessing = 0;
		};
		8BD0CEED1DF0F4D100F7EFA2 /* Resources */ = {
			isa = PBXResourcesBuildPhase;
			buildActionMask = 2147483647;
			files = (
			);
			runOnlyForDeploymentPostprocessing = 0;
		};
/* End PBXResourcesBuildPhase section */

/* Begin PBXSourcesBuildPhase section */
		8BD0CEC71DF0F4D000F7EFA2 /* Sources */ = {
			isa = PBXSourcesBuildPhase;
			buildActionMask = 2147483647;
			files = (
				8BD0CED61DF0F4D000F7EFA2 /* ViewController.m in Sources */,
				8BD0CED31DF0F4D000F7EFA2 /* AppDelegate.m in Sources */,
				8BD0CED01DF0F4D000F7EFA2 /* main.m in Sources */,
			);
			runOnlyForDeploymentPostprocessing = 0;
		};
		8BD0CEE01DF0F4D100F7EFA2 /* Sources */ = {
			isa = PBXSourcesBuildPhase;
			buildActionMask = 2147483647;
			files = (
				8BD0CEE91DF0F4D100F7EFA2 /* iOSHomeWorkTests.m in Sources */,
			);
			runOnlyForDeploymentPostprocessing = 0;
		};
		8BD0CEEB1DF0F4D100F7EFA2 /* Sources */ = {
			isa = PBXSourcesBuildPhase;
			buildActionMask = 2147483647;
			files = (
				8BD0CEF41DF0F4D100F7EFA2 /* iOSHomeWorkUITests.m in Sources */,
			);
			runOnlyForDeploymentPostprocessing = 0;
		};
/* End PBXSourcesBuildPhase section */

/* Begin PBXTargetDependency section */
		8BD0CEE61DF0F4D100F7EFA2 /* PBXTargetDependency */ = {
			isa = PBXTargetDependency;
			target = 8BD0CECA1DF0F4D000F7EFA2 /* iOSHomeWork */;
			targetProxy = 8BD0CEE51DF0F4D100F7EFA2 /* PBXContainerItemProxy */;
		};
		8BD0CEF11DF0F4D100F7EFA2 /* PBXTargetDependency */ = {
			isa = PBXTargetDependency;
			target = 8BD0CECA1DF0F4D000F7EFA2 /* iOSHomeWork */;
			targetProxy = 8BD0CEF01DF0F4D100F7EFA2 /* PBXContainerItemProxy */;
		};
/* End PBXTargetDependency section */

/* Begin PBXVariantGroup section */
		8BD0CED71DF0F4D100F7EFA2 /* Main.storyboard */ = {
			isa = PBXVariantGroup;
			children = (
				8BD0CED81DF0F4D100F7EFA2 /* Base */,
			);
			name = Main.storyboard;
			sourceTree = "<group>";
		};
		8BD0CEDC1DF0F4D100F7EFA2 /* LaunchScreen.storyboard */ = {
			isa = PBXVariantGroup;
			children = (
				8BD0CEDD1DF0F4D100F7EFA2 /* Base */,
			);
			name = LaunchScreen.storyboard;
			sourceTree = "<group>";
		};
/* End PBXVariantGroup section */

/* Begin XCBuildConfiguration section */
		8BD0CEF61DF0F4D100F7EFA2 /* Debug */ = {
			isa = XCBuildConfiguration;
			buildSettings = {
				ALWAYS_SEARCH_USER_PATHS = NO;
				CLANG_ANALYZER_NONNULL = YES;
				CLANG_CXX_LANGUAGE_STANDARD = "gnu++0x";
				CLANG_CXX_LIBRARY = "libc++";
				CLANG_ENABLE_MODULES = YES;
				CLANG_ENABLE_OBJC_ARC = YES;
				CLANG_WARN_BOOL_CONVERSION = YES;
				CLANG_WARN_CONSTANT_CONVERSION = YES;
				CLANG_WARN_DIRECT_OBJC_ISA_USAGE = YES_ERROR;
				CLANG_WARN_DOCUMENTATION_COMMENTS = YES;
				CLANG_WARN_EMPTY_BODY = YES;
				CLANG_WARN_ENUM_CONVERSION = YES;
				CLANG_WARN_INFINITE_RECURSION = YES;
				CLANG_WARN_INT_CONVERSION = YES;
				CLANG_WARN_OBJC_ROOT_CLASS = YES_ERROR;
				CLANG_WARN_SUSPICIOUS_MOVES = YES;
				CLANG_WARN_UNREACHABLE_CODE = YES;
				CLANG_WARN__DUPLICATE_METHOD_MATCH = YES;
				"CODE_SIGN_IDENTITY[sdk=iphoneos*]" = "iPhone Developer";
				COPY_PHASE_STRIP = NO;
				DEBUG_INFORMATION_FORMAT = dwarf;
				ENABLE_STRICT_OBJC_MSGSEND = YES;
				ENABLE_TESTABILITY = YES;
				GCC_C_LANGUAGE_STANDARD = gnu99;
				GCC_DYNAMIC_NO_PIC = NO;
				GCC_NO_COMMON_BLOCKS = YES;
				GCC_OPTIMIZATION_LEVEL = 0;
				GCC_PREPROCESSOR_DEFINITIONS = (
					"DEBUG=1",
					"$(inherited)",
				);
				GCC_WARN_64_TO_32_BIT_CONVERSION = YES;
				GCC_WARN_ABOUT_RETURN_TYPE = YES_ERROR;
				GCC_WARN_UNDECLARED_SELECTOR = YES;
				GCC_WARN_UNINITIALIZED_AUTOS = YES_AGGRESSIVE;
				GCC_WARN_UNUSED_FUNCTION = YES;
				GCC_WARN_UNUSED_VARIABLE = YES;
				IPHONEOS_DEPLOYMENT_TARGET = 10.1;
				MTL_ENABLE_DEBUG_INFO = YES;
				ONLY_ACTIVE_ARCH = YES;
				SDKROOT = iphoneos;
				TARGETED_DEVICE_FAMILY = "1,2";
			};
			name = Debug;
		};
		8BD0CEF71DF0F4D100F7EFA2 /* Release */ = {
			isa = XCBuildConfiguration;
			buildSettings = {
				ALWAYS_SEARCH_USER_PATHS = NO;
				CLANG_ANALYZER_NONNULL = YES;
				CLANG_CXX_LANGUAGE_STANDARD = "gnu++0x";
				CLANG_CXX_LIBRARY = "libc++";
				CLANG_ENABLE_MODULES = YES;
				CLANG_ENABLE_OBJC_ARC = YES;
				CLANG_WARN_BOOL_CONVERSION = YES;
				CLANG_WARN_CONSTANT_CONVERSION = YES;
				CLANG_WARN_DIRECT_OBJC_ISA_USAGE = YES_ERROR;
				CLANG_WARN_DOCUMENTATION_COMMENTS = YES;
				CLANG_WARN_EMPTY_BODY = YES;
				CLANG_WARN_ENUM_CONVERSION = YES;
				CLANG_WARN_INFINITE_RECURSION = YES;
				CLANG_WARN_INT_CONVERSION = YES;
				CLANG_WARN_OBJC_ROOT_CLASS = YES_ERROR;
				CLANG_WARN_SUSPICIOUS_MOVES = YES;
				CLANG_WARN_UNREACHABLE_CODE = YES;
				CLANG_WARN__DUPLICATE_METHOD_MATCH = YES;
				"CODE_SIGN_IDENTITY[sdk=iphoneos*]" = "iPhone Developer";
				COPY_PHASE_STRIP = NO;
				DEBUG_INFORMATION_FORMAT = "dwarf-with-dsym";
				ENABLE_NS_ASSERTIONS = NO;
				ENABLE_STRICT_OBJC_MSGSEND = YES;
				GCC_C_LANGUAGE_STANDARD = gnu99;
				GCC_NO_COMMON_BLOCKS = YES;
				GCC_WARN_64_TO_32_BIT_CONVERSION = YES;
				GCC_WARN_ABOUT_RETURN_TYPE = YES_ERROR;
				GCC_WARN_UNDECLARED_SELECTOR = YES;
				GCC_WARN_UNINITIALIZED_AUTOS = YES_AGGRESSIVE;
				GCC_WARN_UNUSED_FUNCTION = YES;
				GCC_WARN_UNUSED_VARIABLE = YES;
				IPHONEOS_DEPLOYMENT_TARGET = 10.1;
				MTL_ENABLE_DEBUG_INFO = NO;
				SDKROOT = iphoneos;
				TARGETED_DEVICE_FAMILY = "1,2";
				VALIDATE_PRODUCT = YES;
			};
			name = Release;
		};
		8BD0CEF91DF0F4D100F7EFA2 /* Debug */ = {
			isa = XCBuildConfiguration;
			buildSettings = {
				ASSETCATALOG_COMPILER_APPICON_NAME = AppIcon;
				INFOPLIST_FILE = iOSHomeWork/Info.plist;
				LD_RUNPATH_SEARCH_PATHS = "$(inherited) @executable_path/Frameworks";
				PRODUCT_BUNDLE_IDENTIFIER = Eaze.iOSHomeWork;
				PRODUCT_NAME = "$(TARGET_NAME)";
			};
			name = Debug;
		};
		8BD0CEFA1DF0F4D100F7EFA2 /* Release */ = {
			isa = XCBuildConfiguration;
			buildSettings = {
				ASSETCATALOG_COMPILER_APPICON_NAME = AppIcon;
				INFOPLIST_FILE = iOSHomeWork/Info.plist;
				LD_RUNPATH_SEARCH_PATHS = "$(inherited) @executable_path/Frameworks";
				PRODUCT_BUNDLE_IDENTIFIER = Eaze.iOSHomeWork;
				PRODUCT_NAME = "$(TARGET_NAME)";
			};
			name = Release;
		};
		8BD0CEFC1DF0F4D100F7EFA2 /* Debug */ = {
			isa = XCBuildConfiguration;
			buildSettings = {
				BUNDLE_LOADER = "$(TEST_HOST)";
				INFOPLIST_FILE = iOSHomeWorkTests/Info.plist;
				LD_RUNPATH_SEARCH_PATHS = "$(inherited) @executable_path/Frameworks @loader_path/Frameworks";
				PRODUCT_BUNDLE_IDENTIFIER = Eaze.iOSHomeWorkTests;
				PRODUCT_NAME = "$(TARGET_NAME)";
				TEST_HOST = "$(BUILT_PRODUCTS_DIR)/iOSHomeWork.app/iOSHomeWork";
			};
			name = Debug;
		};
		8BD0CEFD1DF0F4D100F7EFA2 /* Release */ = {
			isa = XCBuildConfiguration;
			buildSettings = {
				BUNDLE_LOADER = "$(TEST_HOST)";
				INFOPLIST_FILE = iOSHomeWorkTests/Info.plist;
				LD_RUNPATH_SEARCH_PATHS = "$(inherited) @executable_path/Frameworks @loader_path/Frameworks";
				PRODUCT_BUNDLE_IDENTIFIER = Eaze.iOSHomeWorkTests;
				PRODUCT_NAME = "$(TARGET_NAME)";
				TEST_HOST = "$(BUILT_PRODUCTS_DIR)/iOSHomeWork.app/iOSHomeWork";
			};
			name = Release;
		};
		8BD0CEFF1DF0F4D100F7EFA2 /* Debug */ = {
			isa = XCBuildConfiguration;
			buildSettings = {
				INFOPLIST_FILE = iOSHomeWorkUITests/Info.plist;
				LD_RUNPATH_SEARCH_PATHS = "$(inherited) @executable_path/Frameworks @loader_path/Frameworks";
				PRODUCT_BUNDLE_IDENTIFIER = Eaze.iOSHomeWorkUITests;
				PRODUCT_NAME = "$(TARGET_NAME)";
				TEST_TARGET_NAME = iOSHomeWork;
			};
			name = Debug;
		};
		8BD0CF001DF0F4D100F7EFA2 /* Release */ = {
			isa = XCBuildConfiguration;
			buildSettings = {
				INFOPLIST_FILE = iOSHomeWorkUITests/Info.plist;
				LD_RUNPATH_SEARCH_PATHS = "$(inherited) @executable_path/Frameworks @loader_path/Frameworks";
				PRODUCT_BUNDLE_IDENTIFIER = Eaze.iOSHomeWorkUITests;
				PRODUCT_NAME = "$(TARGET_NAME)";
				TEST_TARGET_NAME = iOSHomeWork;
			};
			name = Release;
		};
/* End XCBuildConfiguration section */

/* Begin XCConfigurationList section */
		8BD0CEC61DF0F4D000F7EFA2 /* Build configuration list for PBXProject "iOSHomeWork" */ = {
			isa = XCConfigurationList;
			buildConfigurations = (
				8BD0CEF61DF0F4D100F7EFA2 /* Debug */,
				8BD0CEF71DF0F4D100F7EFA2 /* Release */,
			);
			defaultConfigurationIsVisible = 0;
			defaultConfigurationName = Release;
		};
		8BD0CEF81DF0F4D100F7EFA2 /* Build configuration list for PBXNativeTarget "iOSHomeWork" */ = {
			isa = XCConfigurationList;
			buildConfigurations = (
				8BD0CEF91DF0F4D100F7EFA2 /* Debug */,
				8BD0CEFA1DF0F4D100F7EFA2 /* Release */,
			);
			defaultConfigurationIsVisible = 0;
		};
		8BD0CEFB1DF0F4D100F7EFA2 /* Build configuration list for PBXNativeTarget "iOSHomeWorkTests" */ = {
			isa = XCConfigurationList;
			buildConfigurations = (
				8BD0CEFC1DF0F4D100F7EFA2 /* Debug */,
				8BD0CEFD1DF0F4D100F7EFA2 /* Release */,
			);
			defaultConfigurationIsVisible = 0;
		};
		8BD0CEFE1DF0F4D100F7EFA2 /* Build configuration list for PBXNativeTarget "iOSHomeWorkUITests" */ = {
			isa = XCConfigurationList;
			buildConfigurations = (
				8BD0CEFF1DF0F4D100F7EFA2 /* Debug */,
				8BD0CF001DF0F4D100F7EFA2 /* Release */,
			);
			defaultConfigurationIsVisible = 0;
		};
/* End XCConfigurationList section */
	};
	rootObject = 8BD0CEC31DF0F4D000F7EFA2 /* Project object */;
}
